
Microsoft Visual Studio Solution File, Format Version 12.00
# Visual Studio Version 16
VisualStudioVersion = 16.0.30225.117
MinimumVisualStudioVersion = 10.0.40219.1
Project("{8BC9CEB8-8B4A-11D0-8D11-00A0C91BC942}") = "jogo-sandbox", "jogo-sandbox\jogo-sandbox.vcxproj", "{B2E334EB-1410-4AFB-955B-BB154ADA23EA}"
EndProject
Project("{8BC9CEB8-8B4A-11D0-8D11-00A0C91BC942}") = "jogo-engine", "jogo-engine.vcxproj", "{CC95EDBC-6780-4E2D-9504-882E4F1492BE}"
EndProject

Global
	GlobalSection(SolutionConfigurationPlatforms) = preSolution
		Debug|x64 = Debug|x64
		Release|x64 = Release|x64
	EndGlobalSection
	GlobalSection(ProjectConfigurationPlatforms) = postSolution
		{CC95EDBC-6780-4E2D-9504-882E4F1492BE}.Debug|x64.ActiveCfg = Debug|x64
		{CC95EDBC-6780-4E2D-9504-882E4F1492BE}.Debug|x64.Build.0 = Debug|x64
		{CC95EDBC-6780-4E2D-9504-882E4F1492BE}.Release|x64.ActiveCfg = Release|x64
		{CC95EDBC-6780-4E2D-9504-882E4F1492BE}.Release|x64.Build.0 = Release|x64
		{B2E334EB-1410-4AFB-955B-BB154ADA23EA}.Debug|x64.ActiveCfg = Debug|x64
		{B2E334EB-1410-4AFB-955B-BB154ADA23EA}.Debug|x64.Build.0 = Debug|x64
		{B2E334EB-1410-4AFB-955B-BB154ADA23EA}.Release|x64.ActiveCfg = Release|x64
		{B2E334EB-1410-4AFB-955B-BB154ADA23EA}.Release|x64.Build.0 = Release|x64
	EndGlobalSection
	GlobalSection(SolutionProperties) = preSolution
		HideSolutionNode = FALSE
	EndGlobalSection
	GlobalSection(ExtensibilityGlobals) = postSolution
		SolutionGuid = {53F313DC-EB58-467E-BCEE-E34BEF545516}
	EndGlobalSection
EndGlobal
