
Microsoft Visual Studio Solution File, Format Version 12.00
# Visual Studio Version 16
VisualStudioVersion = 16.0.30225.117
MinimumVisualStudioVersion = 10.0.40219.1
Project("{8BC9CEB8-8B4A-11D0-8D11-00A0C91BC942}") = "Jogo", "Jogo\Jogo.vcxproj", "{AF80B685-D15B-4591-9BAE-EB3644161F85}"
EndProject
Project("{8BC9CEB8-8B4A-11D0-8D11-00A0C91BC942}") = "Sandbox", "Sandbox\Sandbox.vcxproj", "{ABD9C80F-3ACC-4271-A25F-CBAE192769CC}"
EndProject
Global
	GlobalSection(SolutionConfigurationPlatforms) = preSolution
		Debug|x64 = Debug|x64
		Release|x64 = Release|x64
	EndGlobalSection
	GlobalSection(ProjectConfigurationPlatforms) = postSolution
		{AF80B685-D15B-4591-9BAE-EB3644161F85}.Debug|x64.ActiveCfg = Debug|x64
		{AF80B685-D15B-4591-9BAE-EB3644161F85}.Debug|x64.Build.0 = Debug|x64
		{AF80B685-D15B-4591-9BAE-EB3644161F85}.Release|x64.ActiveCfg = Release|x64
		{AF80B685-D15B-4591-9BAE-EB3644161F85}.Release|x64.Build.0 = Release|x64
		{ABD9C80F-3ACC-4271-A25F-CBAE192769CC}.Debug|x64.ActiveCfg = Debug|x64
		{ABD9C80F-3ACC-4271-A25F-CBAE192769CC}.Debug|x64.Build.0 = Debug|x64
		{ABD9C80F-3ACC-4271-A25F-CBAE192769CC}.Release|x64.ActiveCfg = Release|x64
		{ABD9C80F-3ACC-4271-A25F-CBAE192769CC}.Release|x64.Build.0 = Release|x64
	EndGlobalSection
	GlobalSection(SolutionProperties) = preSolution
		HideSolutionNode = FALSE
	EndGlobalSection
	GlobalSection(ExtensibilityGlobals) = postSolution
		SolutionGuid = {0CA5BC30-3206-4A71-A1E5-CE3C45F7A148}
	EndGlobalSection
EndGlobal
